# This file is automatically @generated by Cargo.
# It is not intended for manual editing.
version = 3

[[package]]
name = "anyhow"
version = "1.0.66"
source = "registry+https://github.com/rust-lang/crates.io-index"
checksum = "216261ddc8289130e551ddcd5ce8a064710c0d064a4d2895c67151c92b5443f6"

[[package]]
name = "autocfg"
version = "1.1.0"
source = "registry+https://github.com/rust-lang/crates.io-index"
checksum = "d468802bab17cbc0cc575e9b053f41e72aa36bfa6b7f55e3529ffa43161b97fa"

[[package]]
name = "cc"
version = "1.0.77"
source = "registry+https://github.com/rust-lang/crates.io-index"
checksum = "e9f73505338f7d905b19d18738976aae232eb46b8efc15554ffc56deb5d9ebe4"

[[package]]
name = "cmake"
version = "0.1.49"
source = "registry+https://github.com/rust-lang/crates.io-index"
checksum = "db34956e100b30725f2eb215f90d4871051239535632f84fea3bc92722c66b7c"
dependencies = [
 "cc",
]

[[package]]
name = "glob"
version = "0.2.11"
source = "registry+https://github.com/rust-lang/crates.io-index"
checksum = "8be18de09a56b60ed0edf84bc9df007e30040691af7acd1c41874faac5895bfb"

[[package]]
name = "hashbrown"
version = "0.12.3"
source = "registry+https://github.com/rust-lang/crates.io-index"
checksum = "8a9ee70c43aaf417c914396645a0fa852624801b24ebb7ae78fe8272889ac888"

[[package]]
name = "indexmap"
version = "1.9.2"
source = "registry+https://github.com/rust-lang/crates.io-index"
checksum = "1885e79c1fc4b10f0e172c475f458b7f7b93061064d98c3293e98c5ba0c8b399"
dependencies = [
 "autocfg",
 "hashbrown",
]

[[package]]
name = "itoa"
version = "1.0.4"
source = "registry+https://github.com/rust-lang/crates.io-index"
checksum = "4217ad341ebadf8d8e724e264f13e593e0648f5b3e94b3896a5df283be015ecc"

[[package]]
name = "leb128"
version = "0.2.5"
source = "registry+https://github.com/rust-lang/crates.io-index"
checksum = "884e2677b40cc8c339eaefcb701c32ef1fd2493d71118dc0ca4b6a736c93bd67"

[[package]]
name = "memchr"
version = "2.5.0"
source = "registry+https://github.com/rust-lang/crates.io-index"
checksum = "2dffe52ecf27772e601905b7522cb4ef790d2cc203488bbd0e2fe85fcb74566d"

[[package]]
name = "proc-macro2"
version = "1.0.47"
source = "registry+https://github.com/rust-lang/crates.io-index"
checksum = "5ea3d908b0e36316caf9e9e2c4625cdde190a7e6f440d794667ed17a1855e725"
dependencies = [
 "unicode-ident",
]

[[package]]
name = "proj"
version = "0.1.0"
dependencies = [
 "anyhow",
 "wabt",
 "wasmparser",
 "wast 48.0.0",
 "wat",
]

[[package]]
name = "quote"
version = "1.0.21"
source = "registry+https://github.com/rust-lang/crates.io-index"
checksum = "bbe448f377a7d6961e30f5955f9b8d106c3f5e449d493ee1b125c1d43c2b5179"
dependencies = [
 "proc-macro2",
]

[[package]]
name = "ryu"
version = "1.0.11"
source = "registry+https://github.com/rust-lang/crates.io-index"
checksum = "4501abdff3ae82a1c1b477a17252eb69cee9e66eb915c1abaa4f44d873df9f09"

[[package]]
name = "serde"
version = "1.0.148"
source = "registry+https://github.com/rust-lang/crates.io-index"
checksum = "e53f64bb4ba0191d6d0676e1b141ca55047d83b74f5607e6d8eb88126c52c2dc"

[[package]]
name = "serde_derive"
version = "1.0.148"
source = "registry+https://github.com/rust-lang/crates.io-index"
checksum = "a55492425aa53521babf6137309e7d34c20bbfbbfcfe2c7f3a047fd1f6b92c0c"
dependencies = [
 "proc-macro2",
 "quote",
 "syn",
]

[[package]]
name = "serde_json"
version = "1.0.89"
source = "registry+https://github.com/rust-lang/crates.io-index"
checksum = "020ff22c755c2ed3f8cf162dbb41a7268d934702f3ed3631656ea597e08fc3db"
dependencies = [
 "itoa",
 "ryu",
 "serde",
]

[[package]]
name = "syn"
version = "1.0.104"
source = "registry+https://github.com/rust-lang/crates.io-index"
checksum = "4ae548ec36cf198c0ef7710d3c230987c2d6d7bd98ad6edc0274462724c585ce"
dependencies = [
 "proc-macro2",
 "quote",
 "unicode-ident",
]

[[package]]
name = "unicode-ident"
version = "1.0.5"
source = "registry+https://github.com/rust-lang/crates.io-index"
checksum = "6ceab39d59e4c9499d4e5a8ee0e2735b891bb7308ac83dfb4e80cad195c9f6f3"

[[package]]
name = "unicode-width"
version = "0.1.10"
source = "registry+https://github.com/rust-lang/crates.io-index"
checksum = "c0edd1e5b14653f783770bce4a4dabb4a5108a5370a5f5d8cfe8710c361f6c8b"

[[package]]
name = "wabt"
version = "0.10.0"
source = "registry+https://github.com/rust-lang/crates.io-index"
checksum = "00bef93d5e6c81a293bccf107cf43aa47239382f455ba14869d36695d8963b9c"
dependencies = [
 "serde",
 "serde_derive",
 "serde_json",
 "wabt-sys",
]

[[package]]
name = "wabt-sys"
version = "0.8.0"
source = "registry+https://github.com/rust-lang/crates.io-index"
checksum = "1a4e043159f63e16986e713e9b5e1c06043df4848565bf672e27c523864c7791"
dependencies = [
 "cc",
 "cmake",
 "glob",
]

[[package]]
name = "wasm-encoder"
version = "0.19.1"
source = "registry+https://github.com/rust-lang/crates.io-index"
checksum = "9424cdab516a16d4ea03c8f4a01b14e7b2d04a129dcc2bcdde5bcc5f68f06c41"
dependencies = [
 "leb128",
]

[[package]]
name = "wasm-encoder"
version = "0.20.0"
source = "registry+https://github.com/rust-lang/crates.io-index"
checksum = "05632e0a66a6ed8cca593c24223aabd6262f256c3693ad9822c315285f010614"
dependencies = [
 "leb128",
]

[[package]]
name = "wasmparser"
version = "0.93.0"
source = "registry+https://github.com/rust-lang/crates.io-index"
checksum = "c5a4460aa3e271fa180b6a5d003e728f3963fb30e3ba0fa7c9634caa06049328"
dependencies = [
 "indexmap",
]

[[package]]
name = "wast"
version = "48.0.0"
source = "registry+https://github.com/rust-lang/crates.io-index"
checksum = "84825b5ac7164df8260c9e2b2e814075334edbe7ac426f2469b93a5eeac23cce"
dependencies = [
 "leb128",
 "memchr",
 "unicode-width",
 "wasm-encoder 0.19.1",
]

[[package]]
name = "wast"
version = "50.0.0"
source = "registry+https://github.com/rust-lang/crates.io-index"
checksum = "a2cbb59d4ac799842791fe7e806fa5dbbf6b5554d538e51cc8e176db6ff0ae34"
dependencies = [
 "leb128",
 "memchr",
 "unicode-width",
 "wasm-encoder 0.20.0",
]

[[package]]
name = "wat"
version = "1.0.52"
source = "registry+https://github.com/rust-lang/crates.io-index"
checksum = "584aaf7a1ecf4d383bbe1a25eeab0cbb8ff96acc6796707ff65cde48f4632f15"
dependencies = [
 "wast 50.0.0",
]
